// !$*UTF8*$!
{
	archiveVersion = 1;
	classes = {
	};
	objectVersion = 46;
	objects = {

/* Begin PBXBuildFile section */
		75D4BDE41B0DCB72006E2FC9 /* main.m in Sources */ = {isa = PBXBuildFile; fileRef = 75D4BDE31B0DCB72006E2FC9 /* main.m */; };
		75D4BDE71B0DCB72006E2FC9 /* AppDelegate.m in Sources */ = {isa = PBXBuildFile; fileRef = 75D4BDE61B0DCB72006E2FC9 /* AppDelegate.m */; };
		75D4BDEA1B0DCB72006E2FC9 /* ViewController.m in Sources */ = {isa = PBXBuildFile; fileRef = 75D4BDE91B0DCB72006E2FC9 /* ViewController.m */; };
		75D4BDED1B0DCB72006E2FC9 /* Main.storyboard in Resources */ = {isa = PBXBuildFile; fileRef = 75D4BDEB1B0DCB72006E2FC9 /* Main.storyboard */; };
		75D4BDEF1B0DCB72006E2FC9 /* Images.xcassets in Resources */ = {isa = PBXBuildFile; fileRef = 75D4BDEE1B0DCB72006E2FC9 /* Images.xcassets */; };
		75D4BDF21B0DCB72006E2FC9 /* LaunchScreen.xib in Resources */ = {isa = PBXBuildFile; fileRef = 75D4BDF01B0DCB72006E2FC9 /* LaunchScreen.xib */; };
		75D4BDFE1B0DCB72006E2FC9 /* AppleWatchAnimationTests.m in Sources */ = {isa = PBXBuildFile; fileRef = 75D4BDFD1B0DCB72006E2FC9 /* AppleWatchAnimationTests.m */; };
/* End PBXBuildFile section */

/* Begin PBXContainerItemProxy section */
		75D4BDF81B0DCB72006E2FC9 /* PBXContainerItemProxy */ = {
			isa = PBXContainerItemProxy;
			containerPortal = 75D4BDD61B0DCB72006E2FC9 /* Project object */;
			proxyType = 1;
			remoteGlobalIDString = 75D4BDDD1B0DCB72006E2FC9;
			remoteInfo = AppleWatchAnimation;
		};
/* End PBXContainerItemProxy section */

/* Begin PBXFileReference section */
		75D4BDDE1B0DCB72006E2FC9 /* AppleWatchAnimation.app */ = {isa = PBXFileReference; explicitFileType = wrapper.application; includeInIndex = 0; path = AppleWatchAnimation.app; sourceTree = BUILT_PRODUCTS_DIR; };
		75D4BDE21B0DCB72006E2FC9 /* Info.plist */ = {isa = PBXFileReference; lastKnownFileType = text.plist.xml; path = Info.plist; sourceTree = "<group>"; };
		75D4BDE31B0DCB72006E2FC9 /* main.m */ = {isa = PBXFileReference; lastKnownFileType = sourcecode.c.objc; path = main.m; sourceTree = "<group>"; };
		75D4BDE51B0DCB72006E2FC9 /* AppDelegate.h */ = {isa = PBXFileReference; lastKnownFileType = sourcecode.c.h; path = AppDelegate.h; sourceTree = "<group>"; };
		75D4BDE61B0DCB72006E2FC9 /* AppDelegate.m */ = {isa = PBXFileReference; lastKnownFileType = sourcecode.c.objc; path = AppDelegate.m; sourceTree = "<group>"; };
		75D4BDE81B0DCB72006E2FC9 /* ViewController.h */ = {isa = PBXFileReference; lastKnownFileType = sourcecode.c.h; path = ViewController.h; sourceTree = "<group>"; };
		75D4BDE91B0DCB72006E2FC9 /* ViewController.m */ = {isa = PBXFileReference; lastKnownFileType = sourcecode.c.objc; path = ViewController.m; sourceTree = "<group>"; };
		75D4BDEC1B0DCB72006E2FC9 /* Base */ = {isa = PBXFileReference; lastKnownFileType = file.storyboard; name = Base; path = Base.lproj/Main.storyboard; sourceTree = "<group>"; };
		75D4BDEE1B0DCB72006E2FC9 /* Images.xcassets */ = {isa = PBXFileReference; lastKnownFileType = folder.assetcatalog; path = Images.xcassets; sourceTree = "<group>"; };
		75D4BDF11B0DCB72006E2FC9 /* Base */ = {isa = PBXFileReference; lastKnownFileType = file.xib; name = Base; path = Base.lproj/LaunchScreen.xib; sourceTree = "<group>"; };
		75D4BDF71B0DCB72006E2FC9 /* AppleWatchAnimationTests.xctest */ = {isa = PBXFileReference; explicitFileType = wrapper.cfbundle; includeInIndex = 0; path = AppleWatchAnimationTests.xctest; sourceTree = BUILT_PRODUCTS_DIR; };
		75D4BDFC1B0DCB72006E2FC9 /* Info.plist */ = {isa = PBXFileReference; lastKnownFileType = text.plist.xml; path = Info.plist; sourceTree = "<group>"; };
		75D4BDFD1B0DCB72006E2FC9 /* AppleWatchAnimationTests.m */ = {isa = PBXFileReference; lastKnownFileType = sourcecode.c.objc; path = AppleWatchAnimationTests.m; sourceTree = "<group>"; };
/* End PBXFileReference section */

/* Begin PBXFrameworksBuildPhase section */
		75D4BDDB1B0DCB72006E2FC9 /* Frameworks */ = {
			isa = PBXFrameworksBuildPhase;
			buildActionMask = 2147483647;
			files = (
			);
			runOnlyForDeploymentPostprocessing = 0;
		};
		75D4BDF41B0DCB72006E2FC9 /* Frameworks */ = {
			isa = PBXFrameworksBuildPhase;
			buildActionMask = 2147483647;
			files = (
			);
			runOnlyForDeploymentPostprocessing = 0;
		};
/* End PBXFrameworksBuildPhase section */

/* Begin PBXGroup section */
		75D4BDD51B0DCB72006E2FC9 = {
			isa = PBXGroup;
			children = (
				75D4BDE01B0DCB72006E2FC9 /* AppleWatchAnimation */,
				75D4BDFA1B0DCB72006E2FC9 /* AppleWatchAnimationTests */,
				75D4BDDF1B0DCB72006E2FC9 /* Products */,
			);
			sourceTree = "<group>";
		};
		75D4BDDF1B0DCB72006E2FC9 /* Products */ = {
			isa = PBXGroup;
			children = (
				75D4BDDE1B0DCB72006E2FC9 /* AppleWatchAnimation.app */,
				75D4BDF71B0DCB72006E2FC9 /* AppleWatchAnimationTests.xctest */,
			);
			name = Products;
			sourceTree = "<group>";
		};
		75D4BDE01B0DCB72006E2FC9 /* AppleWatchAnimation */ = {
			isa = PBXGroup;
			children = (
				75D4BDE51B0DCB72006E2FC9 /* AppDelegate.h */,
				75D4BDE61B0DCB72006E2FC9 /* AppDelegate.m */,
				75D4BDE81B0DCB72006E2FC9 /* ViewController.h */,
				75D4BDE91B0DCB72006E2FC9 /* ViewController.m */,
				75D4BDEB1B0DCB72006E2FC9 /* Main.storyboard */,
				75D4BDEE1B0DCB72006E2FC9 /* Images.xcassets */,
				75D4BDF01B0DCB72006E2FC9 /* LaunchScreen.xib */,
				75D4BDE11B0DCB72006E2FC9 /* Supporting Files */,
			);
			path = AppleWatchAnimation;
			sourceTree = "<group>";
		};
		75D4BDE11B0DCB72006E2FC9 /* Supporting Files */ = {
			isa = PBXGroup;
			children = (
				75D4BDE21B0DCB72006E2FC9 /* Info.plist */,
				75D4BDE31B0DCB72006E2FC9 /* main.m */,
			);
			name = "Supporting Files";
			sourceTree = "<group>";
		};
		75D4BDFA1B0DCB72006E2FC9 /* AppleWatchAnimationTests */ = {
			isa = PBXGroup;
			children = (
				75D4BDFD1B0DCB72006E2FC9 /* AppleWatchAnimationTests.m */,
				75D4BDFB1B0DCB72006E2FC9 /* Supporting Files */,
			);
			path = AppleWatchAnimationTests;
			sourceTree = "<group>";
		};
		75D4BDFB1B0DCB72006E2FC9 /* Supporting Files */ = {
			isa = PBXGroup;
			children = (
				75D4BDFC1B0DCB72006E2FC9 /* Info.plist */,
			);
			name = "Supporting Files";
			sourceTree = "<group>";
		};
/* End PBXGroup section */

/* Begin PBXNativeTarget section */
		75D4BDDD1B0DCB72006E2FC9 /* AppleWatchAnimation */ = {
			isa = PBXNativeTarget;
			buildConfigurationList = 75D4BE011B0DCB72006E2FC9 /* Build configuration list for PBXNativeTarget "AppleWatchAnimation" */;
			buildPhases = (
				75D4BDDA1B0DCB72006E2FC9 /* Sources */,
				75D4BDDB1B0DCB72006E2FC9 /* Frameworks */,
				75D4BDDC1B0DCB72006E2FC9 /* Resources */,
			);
			buildRules = (
			);
			dependencies = (
			);
			name = AppleWatchAnimation;
			productName = AppleWatchAnimation;
			productReference = 75D4BDDE1B0DCB72006E2FC9 /* AppleWatchAnimation.app */;
			productType = "com.apple.product-type.application";
		};
		75D4BDF61B0DCB72006E2FC9 /* AppleWatchAnimationTests */ = {
			isa = PBXNativeTarget;
			buildConfigurationList = 75D4BE041B0DCB72006E2FC9 /* Build configuration list for PBXNativeTarget "AppleWatchAnimationTests" */;
			buildPhases = (
				75D4BDF31B0DCB72006E2FC9 /* Sources */,
				75D4BDF41B0DCB72006E2FC9 /* Frameworks */,
				75D4BDF51B0DCB72006E2FC9 /* Resources */,
			);
			buildRules = (
			);
			dependencies = (
				75D4BDF91B0DCB72006E2FC9 /* PBXTargetDependency */,
			);
			name = AppleWatchAnimationTests;
			productName = AppleWatchAnimationTests;
			productReference = 75D4BDF71B0DCB72006E2FC9 /* AppleWatchAnimationTests.xctest */;
			productType = "com.apple.product-type.bundle.unit-test";
		};
/* End PBXNativeTarget section */

/* Begin PBXProject section */
		75D4BDD61B0DCB72006E2FC9 /* Project object */ = {
			isa = PBXProject;
			attributes = {
				LastUpgradeCheck = 0630;
				ORGANIZATIONNAME = "Than Dang";
				TargetAttributes = {
					75D4BDDD1B0DCB72006E2FC9 = {
						CreatedOnToolsVersion = 6.3;
					};
					75D4BDF61B0DCB72006E2FC9 = {
						CreatedOnToolsVersion = 6.3;
						TestTargetID = 75D4BDDD1B0DCB72006E2FC9;
					};
				};
			};
			buildConfigurationList = 75D4BDD91B0DCB72006E2FC9 /* Build configuration list for PBXProject "AppleWatchAnimation" */;
			compatibilityVersion = "Xcode 3.2";
			developmentRegion = English;
			hasScannedForEncodings = 0;
			knownRegions = (
				en,
				Base,
			);
			mainGroup = 75D4BDD51B0DCB72006E2FC9;
			productRefGroup = 75D4BDDF1B0DCB72006E2FC9 /* Products */;
			projectDirPath = "";
			projectRoot = "";
			targets = (
				75D4BDDD1B0DCB72006E2FC9 /* AppleWatchAnimation */,
				75D4BDF61B0DCB72006E2FC9 /* AppleWatchAnimationTests */,
			);
		};
/* End PBXProject section */

/* Begin PBXResourcesBuildPhase section */
		75D4BDDC1B0DCB72006E2FC9 /* Resources */ = {
			isa = PBXResourcesBuildPhase;
			buildActionMask = 2147483647;
			files = (
				75D4BDED1B0DCB72006E2FC9 /* Main.storyboard in Resources */,
				75D4BDF21B0DCB72006E2FC9 /* LaunchScreen.xib in Resources */,
				75D4BDEF1B0DCB72006E2FC9 /* Images.xcassets in Resources */,
			);
			runOnlyForDeploymentPostprocessing = 0;
		};
		75D4BDF51B0DCB72006E2FC9 /* Resources */ = {
			isa = PBXResourcesBuildPhase;
			buildActionMask = 2147483647;
			files = (
			);
			runOnlyForDeploymentPostprocessing = 0;
		};
/* End PBXResourcesBuildPhase section */

/* Begin PBXSourcesBuildPhase section */
		75D4BDDA1B0DCB72006E2FC9 /* Sources */ = {
			isa = PBXSourcesBuildPhase;
			buildActionMask = 2147483647;
			files = (
				75D4BDEA1B0DCB72006E2FC9 /* ViewController.m in Sources */,
				75D4BDE71B0DCB72006E2FC9 /* AppDelegate.m in Sources */,
				75D4BDE41B0DCB72006E2FC9 /* main.m in Sources */,
			);
			runOnlyForDeploymentPostprocessing = 0;
		};
		75D4BDF31B0DCB72006E2FC9 /* Sources */ = {
			isa = PBXSourcesBuildPhase;
			buildActionMask = 2147483647;
			files = (
				75D4BDFE1B0DCB72006E2FC9 /* AppleWatchAnimationTests.m in Sources */,
			);
			runOnlyForDeploymentPostprocessing = 0;
		};
/* End PBXSourcesBuildPhase section */

/* Begin PBXTargetDependency section */
		75D4BDF91B0DCB72006E2FC9 /* PBXTargetDependency */ = {
			isa = PBXTargetDependency;
			target = 75D4BDDD1B0DCB72006E2FC9 /* AppleWatchAnimation */;
			targetProxy = 75D4BDF81B0DCB72006E2FC9 /* PBXContainerItemProxy */;
		};
/* End PBXTargetDependency section */

/* Begin PBXVariantGroup section */
		75D4BDEB1B0DCB72006E2FC9 /* Main.storyboard */ = {
			isa = PBXVariantGroup;
			children = (
				75D4BDEC1B0DCB72006E2FC9 /* Base */,
			);
			name = Main.storyboard;
			sourceTree = "<group>";
		};
		75D4BDF01B0DCB72006E2FC9 /* LaunchScreen.xib */ = {
			isa = PBXVariantGroup;
			children = (
				75D4BDF11B0DCB72006E2FC9 /* Base */,
			);
			name = LaunchScreen.xib;
			sourceTree = "<group>";
		};
/* End PBXVariantGroup section */

/* Begin XCBuildConfiguration section */
		75D4BDFF1B0DCB72006E2FC9 /* Debug */ = {
			isa = XCBuildConfiguration;
			buildSettings = {
				ALWAYS_SEARCH_USER_PATHS = NO;
				CLANG_CXX_LANGUAGE_STANDARD = "gnu++0x";
				CLANG_CXX_LIBRARY = "libc++";
				CLANG_ENABLE_MODULES = YES;
				CLANG_ENABLE_OBJC_ARC = YES;
				CLANG_WARN_BOOL_CONVERSION = YES;
				CLANG_WARN_CONSTANT_CONVERSION = YES;
				CLANG_WARN_DIRECT_OBJC_ISA_USAGE = YES_ERROR;
				CLANG_WARN_EMPTY_BODY = YES;
				CLANG_WARN_ENUM_CONVERSION = YES;
				CLANG_WARN_INT_CONVERSION = YES;
				CLANG_WARN_OBJC_ROOT_CLASS = YES_ERROR;
				CLANG_WARN_UNREACHABLE_CODE = YES;
				CLANG_WARN__DUPLICATE_METHOD_MATCH = YES;
				"CODE_SIGN_IDENTITY[sdk=iphoneos*]" = "iPhone Developer";
				COPY_PHASE_STRIP = NO;
				DEBUG_INFORMATION_FORMAT = "dwarf-with-dsym";
				ENABLE_STRICT_OBJC_MSGSEND = YES;
				GCC_C_LANGUAGE_STANDARD = gnu99;
				GCC_DYNAMIC_NO_PIC = NO;
				GCC_NO_COMMON_BLOCKS = YES;
				GCC_OPTIMIZATION_LEVEL = 0;
				GCC_PREPROCESSOR_DEFINITIONS = (
					"DEBUG=1",
					"$(inherited)",
				);
				GCC_SYMBOLS_PRIVATE_EXTERN = NO;
				GCC_WARN_64_TO_32_BIT_CONVERSION = YES;
				GCC_WARN_ABOUT_RETURN_TYPE = YES_ERROR;
				GCC_WARN_UNDECLARED_SELECTOR = YES;
				GCC_WARN_UNINITIALIZED_AUTOS = YES_AGGRESSIVE;
				GCC_WARN_UNUSED_FUNCTION = YES;
				GCC_WARN_UNUSED_VARIABLE = YES;
				IPHONEOS_DEPLOYMENT_TARGET = 8.3;
				MTL_ENABLE_DEBUG_INFO = YES;
				ONLY_ACTIVE_ARCH = YES;
				SDKROOT = iphoneos;
				TARGETED_DEVICE_FAMILY = "1,2";
			};
			name = Debug;
		};
		75D4BE001B0DCB72006E2FC9 /* Release */ = {
			isa = XCBuildConfiguration;
			buildSettings = {
				ALWAYS_SEARCH_USER_PATHS = NO;
				CLANG_CXX_LANGUAGE_STANDARD = "gnu++0x";
				CLANG_CXX_LIBRARY = "libc++";
				CLANG_ENABLE_MODULES = YES;
				CLANG_ENABLE_OBJC_ARC = YES;
				CLANG_WARN_BOOL_CONVERSION = YES;
				CLANG_WARN_CONSTANT_CONVERSION = YES;
				CLANG_WARN_DIRECT_OBJC_ISA_USAGE = YES_ERROR;
				CLANG_WARN_EMPTY_BODY = YES;
				CLANG_WARN_ENUM_CONVERSION = YES;
				CLANG_WARN_INT_CONVERSION = YES;
				CLANG_WARN_OBJC_ROOT_CLASS = YES_ERROR;
				CLANG_WARN_UNREACHABLE_CODE = YES;
				CLANG_WARN__DUPLICATE_METHOD_MATCH = YES;
				"CODE_SIGN_IDENTITY[sdk=iphoneos*]" = "iPhone Developer";
				COPY_PHASE_STRIP = NO;
				DEBUG_INFORMATION_FORMAT = "dwarf-with-dsym";
				ENABLE_NS_ASSERTIONS = NO;
				ENABLE_STRICT_OBJC_MSGSEND = YES;
				GCC_C_LANGUAGE_STANDARD = gnu99;
				GCC_NO_COMMON_BLOCKS = YES;
				GCC_WARN_64_TO_32_BIT_CONVERSION = YES;
				GCC_WARN_ABOUT_RETURN_TYPE = YES_ERROR;
				GCC_WARN_UNDECLARED_SELECTOR = YES;
				GCC_WARN_UNINITIALIZED_AUTOS = YES_AGGRESSIVE;
				GCC_WARN_UNUSED_FUNCTION = YES;
				GCC_WARN_UNUSED_VARIABLE = YES;
				IPHONEOS_DEPLOYMENT_TARGET = 8.3;
				MTL_ENABLE_DEBUG_INFO = NO;
				SDKROOT = iphoneos;
				TARGETED_DEVICE_FAMILY = "1,2";
				VALIDATE_PRODUCT = YES;
			};
			name = Release;
		};
		75D4BE021B0DCB72006E2FC9 /* Debug */ = {
			isa = XCBuildConfiguration;
			buildSettings = {
				ASSETCATALOG_COMPILER_APPICON_NAME = AppIcon;
				INFOPLIST_FILE = AppleWatchAnimation/Info.plist;
				LD_RUNPATH_SEARCH_PATHS = "$(inherited) @executable_path/Frameworks";
				PRODUCT_NAME = "$(TARGET_NAME)";
			};
			name = Debug;
		};
		75D4BE031B0DCB72006E2FC9 /* Release */ = {
			isa = XCBuildConfiguration;
			buildSettings = {
				ASSETCATALOG_COMPILER_APPICON_NAME = AppIcon;
				INFOPLIST_FILE = AppleWatchAnimation/Info.plist;
				LD_RUNPATH_SEARCH_PATHS = "$(inherited) @executable_path/Frameworks";
				PRODUCT_NAME = "$(TARGET_NAME)";
			};
			name = Release;
		};
		75D4BE051B0DCB72006E2FC9 /* Debug */ = {
			isa = XCBuildConfiguration;
			buildSettings = {
				BUNDLE_LOADER = "$(TEST_HOST)";
				FRAMEWORK_SEARCH_PATHS = (
					"$(SDKROOT)/Developer/Library/Frameworks",
					"$(inherited)",
				);
				GCC_PREPROCESSOR_DEFINITIONS = (
					"DEBUG=1",
					"$(inherited)",
				);
				INFOPLIST_FILE = AppleWatchAnimationTests/Info.plist;
				LD_RUNPATH_SEARCH_PATHS = "$(inherited) @executable_path/Frameworks @loader_path/Frameworks";
				PRODUCT_NAME = "$(TARGET_NAME)";
				TEST_HOST = "$(BUILT_PRODUCTS_DIR)/AppleWatchAnimation.app/AppleWatchAnimation";
			};
			name = Debug;
		};
		75D4BE061B0DCB72006E2FC9 /* Release */ = {
			isa = XCBuildConfiguration;
			buildSettings = {
				BUNDLE_LOADER = "$(TEST_HOST)";
				FRAMEWORK_SEARCH_PATHS = (
					"$(SDKROOT)/Developer/Library/Frameworks",
					"$(inherited)",
				);
				INFOPLIST_FILE = AppleWatchAnimationTests/Info.plist;
				LD_RUNPATH_SEARCH_PATHS = "$(inherited) @executable_path/Frameworks @loader_path/Frameworks";
				PRODUCT_NAME = "$(TARGET_NAME)";
				TEST_HOST = "$(BUILT_PRODUCTS_DIR)/AppleWatchAnimation.app/AppleWatchAnimation";
			};
			name = Release;
		};
/* End XCBuildConfiguration section */

/* Begin XCConfigurationList section */
		75D4BDD91B0DCB72006E2FC9 /* Build configuration list for PBXProject "AppleWatchAnimation" */ = {
			isa = XCConfigurationList;
			buildConfigurations = (
				75D4BDFF1B0DCB72006E2FC9 /* Debug */,
				75D4BE001B0DCB72006E2FC9 /* Release */,
			);
			defaultConfigurationIsVisible = 0;
			defaultConfigurationName = Release;
		};
		75D4BE011B0DCB72006E2FC9 /* Build configuration list for PBXNativeTarget "AppleWatchAnimation" */ = {
			isa = XCConfigurationList;
			buildConfigurations = (
				75D4BE021B0DCB72006E2FC9 /* Debug */,
				75D4BE031B0DCB72006E2FC9 /* Release */,
			);
			defaultConfigurationIsVisible = 0;
		};
		75D4BE041B0DCB72006E2FC9 /* Build configuration list for PBXNativeTarget "AppleWatchAnimationTests" */ = {
			isa = XCConfigurationList;
			buildConfigurations = (
				75D4BE051B0DCB72006E2FC9 /* Debug */,
				75D4BE061B0DCB72006E2FC9 /* Release */,
			);
			defaultConfigurationIsVisible = 0;
		};
/* End XCConfigurationList section */
	};
	rootObject = 75D4BDD61B0DCB72006E2FC9 /* Project object */;
}
